<?xml version="1.0" encoding="utf-8"?>
<Project ToolsVersion="4.0" xmlns="http://schemas.microsoft.com/developer/msbuild/2003">
  <ItemGroup>
    <Filter Include="Source Files">
      <UniqueIdentifier>{4FC737F1-C7A5-4376-A066-2A32D752A2FF}</UniqueIdentifier>
      <Extensions>cpp;c;cc;cxx;def;odl;idl;hpj;bat;asm;asmx</Extensions>
    </Filter>
    <Filter Include="Header Files">
      <UniqueIdentifier>{93995380-89BD-4b04-88EB-625FBE52EBFB}</UniqueIdentifier>
      <Extensions>h;hh;hpp;hxx;hm;inl;inc;ipp;xsd</Extensions>
    </Filter>
    <Filter Include="Resource Files">
      <UniqueIdentifier>{67DA6AB6-F800-4c08-8B7A-83BB121AAD01}</UniqueIdentifier>
      <Extensions>rc;ico;cur;bmp;dlg;rc2;rct;bin;rgs;gif;jpg;jpeg;jpe;resx;tiff;tif;png;wav;mfcribbon-ms</Extensions>
    </Filter>
  </ItemGroup>
  <ItemGroup>
    <ClCompile Include="..\..\AMR.c">
      <Filter>Source Files</Filter>
    </ClCompile>
    <ClCompile Include="..\..\boundcomB.c">
      <Filter>Source Files</Filter>
    </ClCompile>
    <ClCompile Include="..\..\boundcomE.c">
      <Filter>Source Files</Filter>
    </ClCompile>
    <ClCompile Include="..\..\boundcomF.c">
      <Filter>Source Files</Filter>
    </ClCompile>
    <ClCompile Include="..\..\boundcomP.c">
      <Filter>Source Files</Filter>
    </ClCompile>
    <ClCompile Include="..\..\bounds.c">
      <Filter>Source Files</Filter>
    </ClCompile>
    <ClCompile Include="..\..\const_trans.c">
      <Filter>Source Files</Filter>
    </ClCompile>
    <ClCompile Include="..\..\coord.c">
      <Filter>Source Files</Filter>
    </ClCompile>
    <ClCompile Include="..\..\diag.c">
      <Filter>Source Files</Filter>
    </ClCompile>
    <ClCompile Include="..\..\dump.c">
      <Filter>Source Files</Filter>
    </ClCompile>
    <ClCompile Include="..\..\eos_helm.c">
      <Filter>Source Files</Filter>
    </ClCompile>
    <ClCompile Include="..\..\fixup.c">
      <Filter>Source Files</Filter>
    </ClCompile>
    <ClCompile Include="..\..\hllc.c">
      <Filter>Source Files</Filter>
    </ClCompile>
    <ClCompile Include="..\..\init.c">
      <Filter>Source Files</Filter>
    </ClCompile>
    <ClCompile Include="..\..\interp.c">
      <Filter>Source Files</Filter>
    </ClCompile>
    <ClCompile Include="..\..\LAS.c">
      <Filter>Source Files</Filter>
    </ClCompile>
    <ClCompile Include="..\..\lu.c">
      <Filter>Source Files</Filter>
    </ClCompile>
    <ClCompile Include="..\..\main.c">
      <Filter>Source Files</Filter>
    </ClCompile>
    <ClCompile Include="..\..\metric.c">
      <Filter>Source Files</Filter>
    </ClCompile>
    <ClCompile Include="..\..\nuclear.c">
      <Filter>Source Files</Filter>
    </ClCompile>
    <ClCompile Include="..\..\particles.c">
      <Filter>Source Files</Filter>
    </ClCompile>
    <ClCompile Include="..\..\phys.c">
      <Filter>Source Files</Filter>
    </ClCompile>
    <ClCompile Include="..\..\ranc.c">
      <Filter>Source Files</Filter>
    </ClCompile>
    <ClCompile Include="..\..\restart.c">
      <Filter>Source Files</Filter>
    </ClCompile>
    <ClCompile Include="..\..\step_ch.c">
      <Filter>Source Files</Filter>
    </ClCompile>
    <ClCompile Include="..\..\u2p_util.c">
      <Filter>Source Files</Filter>
    </ClCompile>
    <ClCompile Include="..\..\utoprim_1dfix1.c">
      <Filter>Source Files</Filter>
    </ClCompile>
    <ClCompile Include="..\..\utoprim_1dvsq2fix1.c">
      <Filter>Source Files</Filter>
    </ClCompile>
    <ClCompile Include="..\..\utoprim_2d.c">
      <Filter>Source Files</Filter>
    </ClCompile>
  </ItemGroup>
  <ItemGroup>
    <ClInclude Include="..\..\config.h">
      <Filter>Header Files</Filter>
    </ClInclude>
    <ClInclude Include="..\..\constants.h">
      <Filter>Header Files</Filter>
    </ClInclude>
    <ClInclude Include="..\..\decs.h">
      <Filter>Header Files</Filter>
    </ClInclude>
    <ClInclude Include="..\..\decs_MPI.h">
      <Filter>Header Files</Filter>
    </ClInclude>
    <ClInclude Include="..\..\defs.h">
      <Filter>Header Files</Filter>
    </ClInclude>
    <ClInclude Include="..\..\Eos.h">
      <Filter>Header Files</Filter>
    </ClInclude>
    <ClInclude Include="..\..\Eos_map.h">
      <Filter>Header Files</Filter>
    </ClInclude>
    <ClInclude Include="..\..\Flash.h">
      <Filter>Header Files</Filter>
    </ClInclude>
    <ClInclude Include="..\..\Flash_mpi.h">
      <Filter>Header Files</Filter>
    </ClInclude>
    <ClInclude Include="..\..\nuclear.h">
      <Filter>Header Files</Filter>
    </ClInclude>
    <ClInclude Include="..\..\u2p_defs.h">
      <Filter>Header Files</Filter>
    </ClInclude>
    <ClInclude Include="..\..\u2p_util.h">
      <Filter>Header Files</Filter>
    </ClInclude>
  </ItemGroup>
</Project>